// !$*UTF8*$!
{
	archiveVersion = 1;
	classes = {
	};
	objectVersion = 46;
	objects = {

/* Begin PBXBuildFile section */
		A4945CD01B3651FB0068825C /* main.m in Sources */ = {isa = PBXBuildFile; fileRef = A4945CCF1B3651FB0068825C /* main.m */; };
		A4945CD31B3651FB0068825C /* AppDelegate.m in Sources */ = {isa = PBXBuildFile; fileRef = A4945CD21B3651FB0068825C /* AppDelegate.m */; };
		A4945CD61B3651FB0068825C /* ViewController.m in Sources */ = {isa = PBXBuildFile; fileRef = A4945CD51B3651FB0068825C /* ViewController.m */; };
		A4945CD91B3651FB0068825C /* Main.storyboard in Resources */ = {isa = PBXBuildFile; fileRef = A4945CD71B3651FB0068825C /* Main.storyboard */; };
		A4945CDB1B3651FB0068825C /* Assets.xcassets in Resources */ = {isa = PBXBuildFile; fileRef = A4945CDA1B3651FB0068825C /* Assets.xcassets */; };
		A4945CDE1B3651FB0068825C /* LaunchScreen.storyboard in Resources */ = {isa = PBXBuildFile; fileRef = A4945CDC1B3651FB0068825C /* LaunchScreen.storyboard */; };
/* End PBXBuildFile section */

/* Begin PBXFileReference section */
		A4945CCB1B3651FA0068825C /* OCHello.app */ = {isa = PBXFileReference; explicitFileType = wrapper.application; includeInIndex = 0; path = OCHello.app; sourceTree = BUILT_PRODUCTS_DIR; };
		A4945CCF1B3651FB0068825C /* main.m */ = {isa = PBXFileReference; lastKnownFileType = sourcecode.c.objc; path = main.m; sourceTree = "<group>"; };
		A4945CD11B3651FB0068825C /* AppDelegate.h */ = {isa = PBXFileReference; lastKnownFileType = sourcecode.c.h; path = AppDelegate.h; sourceTree = "<group>"; };
		A4945CD21B3651FB0068825C /* AppDelegate.m */ = {isa = PBXFileReference; lastKnownFileType = sourcecode.c.objc; path = AppDelegate.m; sourceTree = "<group>"; };
		A4945CD41B3651FB0068825C /* ViewController.h */ = {isa = PBXFileReference; lastKnownFileType = sourcecode.c.h; path = ViewController.h; sourceTree = "<group>"; };
		A4945CD51B3651FB0068825C /* ViewController.m */ = {isa = PBXFileReference; lastKnownFileType = sourcecode.c.objc; path = ViewController.m; sourceTree = "<group>"; };
		A4945CD81B3651FB0068825C /* Base */ = {isa = PBXFileReference; lastKnownFileType = file.storyboard; name = Base; path = Base.lproj/Main.storyboard; sourceTree = "<group>"; };
		A4945CDA1B3651FB0068825C /* Assets.xcassets */ = {isa = PBXFileReference; lastKnownFileType = folder.assetcatalog; path = Assets.xcassets; sourceTree = "<group>"; };
		A4945CDD1B3651FB0068825C /* Base */ = {isa = PBXFileReference; lastKnownFileType = file.storyboard; name = Base; path = Base.lproj/LaunchScreen.storyboard; sourceTree = "<group>"; };
		A4945CDF1B3651FB0068825C /* Info.plist */ = {isa = PBXFileReference; lastKnownFileType = text.plist.xml; path = Info.plist; sourceTree = "<group>"; };
/* End PBXFileReference section */

/* Begin PBXFrameworksBuildPhase section */
		A4945CC81B3651FA0068825C /* Frameworks */ = {
			isa = PBXFrameworksBuildPhase;
			buildActionMask = 2147483647;
			files = (
			);
			runOnlyForDeploymentPostprocessing = 0;
		};
/* End PBXFrameworksBuildPhase section */

/* Begin PBXGroup section */
		A4945CC21B3651FA0068825C = {
			isa = PBXGroup;
			children = (
				A4945CCD1B3651FA0068825C /* OCHello */,
				A4945CCC1B3651FA0068825C /* Products */,
			);
			sourceTree = "<group>";
		};
		A4945CCC1B3651FA0068825C /* Products */ = {
			isa = PBXGroup;
			children = (
				A4945CCB1B3651FA0068825C /* OCHello.app */,
			);
			name = Products;
			sourceTree = "<group>";
		};
		A4945CCD1B3651FA0068825C /* OCHello */ = {
			isa = PBXGroup;
			children = (
				A4945CD11B3651FB0068825C /* AppDelegate.h */,
				A4945CD21B3651FB0068825C /* AppDelegate.m */,
				A4945CD41B3651FB0068825C /* ViewController.h */,
				A4945CD51B3651FB0068825C /* ViewController.m */,
				A4945CD71B3651FB0068825C /* Main.storyboard */,
				A4945CDA1B3651FB0068825C /* Assets.xcassets */,
				A4945CDC1B3651FB0068825C /* LaunchScreen.storyboard */,
				A4945CDF1B3651FB0068825C /* Info.plist */,
				A4945CCE1B3651FA0068825C /* Supporting Files */,
			);
			path = OCHello;
			sourceTree = "<group>";
		};
		A4945CCE1B3651FA0068825C /* Supporting Files */ = {
			isa = PBXGroup;
			children = (
				A4945CCF1B3651FB0068825C /* main.m */,
			);
			name = "Supporting Files";
			sourceTree = "<group>";
		};
/* End PBXGroup section */

/* Begin PBXNativeTarget section */
		A4945CCA1B3651FA0068825C /* OCHello */ = {
			isa = PBXNativeTarget;
			buildConfigurationList = A4945CE21B3651FB0068825C /* Build configuration list for PBXNativeTarget "OCHello" */;
			buildPhases = (
				A4945CC71B3651FA0068825C /* Sources */,
				A4945CC81B3651FA0068825C /* Frameworks */,
				A4945CC91B3651FA0068825C /* Resources */,
			);
			buildRules = (
			);
			dependencies = (
			);
			name = OCHello;
			productName = OCHello;
			productReference = A4945CCB1B3651FA0068825C /* OCHello.app */;
			productType = "com.apple.product-type.application";
		};
/* End PBXNativeTarget section */

/* Begin PBXProject section */
		A4945CC31B3651FA0068825C /* Project object */ = {
			isa = PBXProject;
			attributes = {
				LastUpgradeCheck = 0700;
				ORGANIZATIONNAME = Akagi201;
				TargetAttributes = {
					A4945CCA1B3651FA0068825C = {
						CreatedOnToolsVersion = 7.0;
						DevelopmentTeam = PA7EK76783;
					};
				};
			};
			buildConfigurationList = A4945CC61B3651FA0068825C /* Build configuration list for PBXProject "OCHello" */;
			compatibilityVersion = "Xcode 3.2";
			developmentRegion = English;
			hasScannedForEncodings = 0;
			knownRegions = (
				en,
				Base,
			);
			mainGroup = A4945CC21B3651FA0068825C;
			productRefGroup = A4945CCC1B3651FA0068825C /* Products */;
			projectDirPath = "";
			projectRoot = "";
			targets = (
				A4945CCA1B3651FA0068825C /* OCHello */,
			);
		};
/* End PBXProject section */

/* Begin PBXResourcesBuildPhase section */
		A4945CC91B3651FA0068825C /* Resources */ = {
			isa = PBXResourcesBuildPhase;
			buildActionMask = 2147483647;
			files = (
				A4945CDE1B3651FB0068825C /* LaunchScreen.storyboard in Resources */,
				A4945CDB1B3651FB0068825C /* Assets.xcassets in Resources */,
				A4945CD91B3651FB0068825C /* Main.storyboard in Resources */,
			);
			runOnlyForDeploymentPostprocessing = 0;
		};
/* End PBXResourcesBuildPhase section */

/* Begin PBXSourcesBuildPhase section */
		A4945CC71B3651FA0068825C /* Sources */ = {
			isa = PBXSourcesBuildPhase;
			buildActionMask = 2147483647;
			files = (
				A4945CD61B3651FB0068825C /* ViewController.m in Sources */,
				A4945CD31B3651FB0068825C /* AppDelegate.m in Sources */,
				A4945CD01B3651FB0068825C /* main.m in Sources */,
			);
			runOnlyForDeploymentPostprocessing = 0;
		};
/* End PBXSourcesBuildPhase section */

/* Begin PBXVariantGroup section */
		A4945CD71B3651FB0068825C /* Main.storyboard */ = {
			isa = PBXVariantGroup;
			children = (
				A4945CD81B3651FB0068825C /* Base */,
			);
			name = Main.storyboard;
			sourceTree = "<group>";
		};
		A4945CDC1B3651FB0068825C /* LaunchScreen.storyboard */ = {
			isa = PBXVariantGroup;
			children = (
				A4945CDD1B3651FB0068825C /* Base */,
			);
			name = LaunchScreen.storyboard;
			sourceTree = "<group>";
		};
/* End PBXVariantGroup section */

/* Begin XCBuildConfiguration section */
		A4945CE01B3651FB0068825C /* Debug */ = {
			isa = XCBuildConfiguration;
			buildSettings = {
				ALWAYS_SEARCH_USER_PATHS = NO;
				CLANG_CXX_LANGUAGE_STANDARD = "gnu++0x";
				CLANG_CXX_LIBRARY = "libc++";
				CLANG_ENABLE_MODULES = YES;
				CLANG_ENABLE_OBJC_ARC = YES;
				CLANG_WARN_BOOL_CONVERSION = YES;
				CLANG_WARN_CONSTANT_CONVERSION = YES;
				CLANG_WARN_DIRECT_OBJC_ISA_USAGE = YES_ERROR;
				CLANG_WARN_EMPTY_BODY = YES;
				CLANG_WARN_ENUM_CONVERSION = YES;
				CLANG_WARN_INT_CONVERSION = YES;
				CLANG_WARN_OBJC_ROOT_CLASS = YES_ERROR;
				CLANG_WARN_UNREACHABLE_CODE = YES;
				CLANG_WARN__DUPLICATE_METHOD_MATCH = YES;
				"CODE_SIGN_IDENTITY[sdk=iphoneos*]" = "iPhone Developer";
				COPY_PHASE_STRIP = NO;
				DEBUG_INFORMATION_FORMAT = dwarf;
				ENABLE_STRICT_OBJC_MSGSEND = YES;
				ENABLE_TESTABILITY = YES;
				GCC_C_LANGUAGE_STANDARD = gnu99;
				GCC_DYNAMIC_NO_PIC = NO;
				GCC_NO_COMMON_BLOCKS = YES;
				GCC_OPTIMIZATION_LEVEL = 0;
				GCC_PREPROCESSOR_DEFINITIONS = (
					"DEBUG=1",
					"$(inherited)",
				);
				GCC_WARN_64_TO_32_BIT_CONVERSION = YES;
				GCC_WARN_ABOUT_RETURN_TYPE = YES_ERROR;
				GCC_WARN_UNDECLARED_SELECTOR = YES;
				GCC_WARN_UNINITIALIZED_AUTOS = YES_AGGRESSIVE;
				GCC_WARN_UNUSED_FUNCTION = YES;
				GCC_WARN_UNUSED_VARIABLE = YES;
				IPHONEOS_DEPLOYMENT_TARGET = 9.0;
				MTL_ENABLE_DEBUG_INFO = YES;
				ONLY_ACTIVE_ARCH = YES;
				SDKROOT = iphoneos;
			};
			name = Debug;
		};
		A4945CE11B3651FB0068825C /* Release */ = {
			isa = XCBuildConfiguration;
			buildSettings = {
				ALWAYS_SEARCH_USER_PATHS = NO;
				CLANG_CXX_LANGUAGE_STANDARD = "gnu++0x";
				CLANG_CXX_LIBRARY = "libc++";
				CLANG_ENABLE_MODULES = YES;
				CLANG_ENABLE_OBJC_ARC = YES;
				CLANG_WARN_BOOL_CONVERSION = YES;
				CLANG_WARN_CONSTANT_CONVERSION = YES;
				CLANG_WARN_DIRECT_OBJC_ISA_USAGE = YES_ERROR;
				CLANG_WARN_EMPTY_BODY = YES;
				CLANG_WARN_ENUM_CONVERSION = YES;
				CLANG_WARN_INT_CONVERSION = YES;
				CLANG_WARN_OBJC_ROOT_CLASS = YES_ERROR;
				CLANG_WARN_UNREACHABLE_CODE = YES;
				CLANG_WARN__DUPLICATE_METHOD_MATCH = YES;
				"CODE_SIGN_IDENTITY[sdk=iphoneos*]" = "iPhone Developer";
				COPY_PHASE_STRIP = NO;
				DEBUG_INFORMATION_FORMAT = "dwarf-with-dsym";
				ENABLE_NS_ASSERTIONS = NO;
				ENABLE_STRICT_OBJC_MSGSEND = YES;
				GCC_C_LANGUAGE_STANDARD = gnu99;
				GCC_NO_COMMON_BLOCKS = YES;
				GCC_WARN_64_TO_32_BIT_CONVERSION = YES;
				GCC_WARN_ABOUT_RETURN_TYPE = YES_ERROR;
				GCC_WARN_UNDECLARED_SELECTOR = YES;
				GCC_WARN_UNINITIALIZED_AUTOS = YES_AGGRESSIVE;
				GCC_WARN_UNUSED_FUNCTION = YES;
				GCC_WARN_UNUSED_VARIABLE = YES;
				IPHONEOS_DEPLOYMENT_TARGET = 9.0;
				MTL_ENABLE_DEBUG_INFO = NO;
				SDKROOT = iphoneos;
				VALIDATE_PRODUCT = YES;
			};
			name = Release;
		};
		A4945CE31B3651FB0068825C /* Debug */ = {
			isa = XCBuildConfiguration;
			buildSettings = {
				ASSETCATALOG_COMPILER_APPICON_NAME = AppIcon;
				CODE_SIGN_IDENTITY = "iPhone Developer";
				INFOPLIST_FILE = OCHello/Info.plist;
				LD_RUNPATH_SEARCH_PATHS = "$(inherited) @executable_path/Frameworks";
				PRODUCT_BUNDLE_IDENTIFIER = Akagi201.OCHello;
				PRODUCT_NAME = "$(TARGET_NAME)";
			};
			name = Debug;
		};
		A4945CE41B3651FB0068825C /* Release */ = {
			isa = XCBuildConfiguration;
			buildSettings = {
				ASSETCATALOG_COMPILER_APPICON_NAME = AppIcon;
				CODE_SIGN_IDENTITY = "iPhone Developer";
				INFOPLIST_FILE = OCHello/Info.plist;
				LD_RUNPATH_SEARCH_PATHS = "$(inherited) @executable_path/Frameworks";
				PRODUCT_BUNDLE_IDENTIFIER = Akagi201.OCHello;
				PRODUCT_NAME = "$(TARGET_NAME)";
			};
			name = Release;
		};
/* End XCBuildConfiguration section */

/* Begin XCConfigurationList section */
		A4945CC61B3651FA0068825C /* Build configuration list for PBXProject "OCHello" */ = {
			isa = XCConfigurationList;
			buildConfigurations = (
				A4945CE01B3651FB0068825C /* Debug */,
				A4945CE11B3651FB0068825C /* Release */,
			);
			defaultConfigurationIsVisible = 0;
			defaultConfigurationName = Release;
		};
		A4945CE21B3651FB0068825C /* Build configuration list for PBXNativeTarget "OCHello" */ = {
			isa = XCConfigurationList;
			buildConfigurations = (
				A4945CE31B3651FB0068825C /* Debug */,
				A4945CE41B3651FB0068825C /* Release */,
			);
			defaultConfigurationIsVisible = 0;
		};
/* End XCConfigurationList section */
	};
	rootObject = A4945CC31B3651FA0068825C /* Project object */;
}
